
Microsoft Visual Studio Solution File, Format Version 12.00
# Visual Studio Version 16
VisualStudioVersion = 16.0.29318.209
MinimumVisualStudioVersion = 10.0.40219.1
Project("{2150E333-8FDC-42A3-9474-1A3956D46DE8}") = "src", "src", "{DA3BBD82-00A3-47AF-AD1F-FD200159D4D8}"
EndProject
Project("{2150E333-8FDC-42A3-9474-1A3956D46DE8}") = "test", "test", "{9929AF83-1703-42C2-BF92-2512A51F7A8B}"
EndProject
Project("{9A19103F-16F7-4668-BE54-9A1E7A4F7556}") = "Blog", "src\Blog\Blog.csproj", "{46AA127B-B0C7-479F-BDB6-1CD3FE742DAE}"
EndProject
Project("{9A19103F-16F7-4668-BE54-9A1E7A4F7556}") = "Blog.Tests", "test\Blog.Tests\Blog.Tests.csproj", "{EAD56D24-515A-4124-B2BB-08CBBCFB2B4E}"
EndProject
Global
	GlobalSection(SolutionConfigurationPlatforms) = preSolution
		Debug|Any CPU = Debug|Any CPU
		Release|Any CPU = Release|Any CPU
	EndGlobalSection
	GlobalSection(ProjectConfigurationPlatforms) = postSolution
		{46AA127B-B0C7-479F-BDB6-1CD3FE742DAE}.Debug|Any CPU.ActiveCfg = Debug|Any CPU
		{46AA127B-B0C7-479F-BDB6-1CD3FE742DAE}.Debug|Any CPU.Build.0 = Debug|Any CPU
		{46AA127B-B0C7-479F-BDB6-1CD3FE742DAE}.Release|Any CPU.ActiveCfg = Release|Any CPU
		{46AA127B-B0C7-479F-BDB6-1CD3FE742DAE}.Release|Any CPU.Build.0 = Release|Any CPU
		{EAD56D24-515A-4124-B2BB-08CBBCFB2B4E}.Debug|Any CPU.ActiveCfg = Debug|Any CPU
		{EAD56D24-515A-4124-B2BB-08CBBCFB2B4E}.Debug|Any CPU.Build.0 = Debug|Any CPU
		{EAD56D24-515A-4124-B2BB-08CBBCFB2B4E}.Release|Any CPU.ActiveCfg = Release|Any CPU
		{EAD56D24-515A-4124-B2BB-08CBBCFB2B4E}.Release|Any CPU.Build.0 = Release|Any CPU
	EndGlobalSection
	GlobalSection(SolutionProperties) = preSolution
		HideSolutionNode = FALSE
	EndGlobalSection
	GlobalSection(NestedProjects) = preSolution
		{46AA127B-B0C7-479F-BDB6-1CD3FE742DAE} = {DA3BBD82-00A3-47AF-AD1F-FD200159D4D8}
		{EAD56D24-515A-4124-B2BB-08CBBCFB2B4E} = {9929AF83-1703-42C2-BF92-2512A51F7A8B}
	EndGlobalSection
	GlobalSection(ExtensibilityGlobals) = postSolution
		SolutionGuid = {025F72A3-C72E-4293-8F72-D0BCFE4807C0}
	EndGlobalSection
EndGlobal
